
Microsoft Visual Studio Solution File, Format Version 12.00
# Visual Studio 15
VisualStudioVersion = 15.0.28010.2046
MinimumVisualStudioVersion = 10.0.40219.1
Project("{FAE04EC0-301F-11D3-BF4B-00C04F79EFBC}") = "to jest to", "to jest to\to jest to.csproj", "{09FE2A46-71D2-4BC2-A227-DD201FDDEDA5}"
EndProject
Global
	GlobalSection(SolutionConfigurationPlatforms) = preSolution
		Debug|Any CPU = Debug|Any CPU
		Release|Any CPU = Release|Any CPU
	EndGlobalSection
	GlobalSection(ProjectConfigurationPlatforms) = postSolution
		{09FE2A46-71D2-4BC2-A227-DD201FDDEDA5}.Debug|Any CPU.ActiveCfg = Debug|Any CPU
		{09FE2A46-71D2-4BC2-A227-DD201FDDEDA5}.Debug|Any CPU.Build.0 = Debug|Any CPU
		{09FE2A46-71D2-4BC2-A227-DD201FDDEDA5}.Release|Any CPU.ActiveCfg = Release|Any CPU
		{09FE2A46-71D2-4BC2-A227-DD201FDDEDA5}.Release|Any CPU.Build.0 = Release|Any CPU
	EndGlobalSection
	GlobalSection(SolutionProperties) = preSolution
		HideSolutionNode = FALSE
	EndGlobalSection
	GlobalSection(ExtensibilityGlobals) = postSolution
		SolutionGuid = {C5EE4F0C-C344-48F9-9B20-7DCBDBA77A26}
	EndGlobalSection
EndGlobal
